{
  "nodes": {
    "naersk": {
      "inputs": {
        "nixpkgs": [
          "nixpkgs"
        ]
      },
      "locked": {
        "lastModified": 1620316130,
        "narHash": "sha256-sU0VS5oJS1FsHsZsLELAXc7G2eIelVuucRw+q5B1x9k=",
        "owner": "nmattia",
        "repo": "naersk",
        "rev": "a3f40fe42cc6d267ff7518fa3199e99ff1444ac4",
        "type": "github"
      },
      "original": {
        "owner": "nmattia",
        "repo": "naersk",
        "type": "github"
      }
    },
    "nixpkgs": {
      "locked": {
        "lastModified": 1620988276,
        "narHash": "sha256-4iIKJ9w4CjpaF8c64LgCknqsH6o45o7xBzr+aBZsmcM=",
        "owner": "nixos",
        "repo": "nixpkgs",
        "rev": "65a9923bbb94e4da656eb63f88f3a378be232e02",
        "type": "github"
      },
      "original": {
        "owner": "nixos",
        "ref": "nixos-unstable",
        "repo": "nixpkgs",
        "type": "github"
      }
    },
    "root": {
      "inputs": {
        "naersk": "naersk",
        "nixpkgs": "nixpkgs",
        "rust-analyzer-src": "rust-analyzer-src"
      }
    },
    "rust-analyzer-src": {
      "flake": false,
      "locked": {
        "lastModified": 1621092774,
        "narHash": "sha256-l3AyCvHaUBVjYXMEvXTmHIZdt/dQ9YMgH3YlIF6/r2I=",
        "owner": "rust-analyzer",
        "repo": "rust-analyzer",
        "rev": "92abc56bc928fb2a11b8f5b2a37e3c9ee31102d7",
        "type": "github"
      },
      "original": {
        "owner": "rust-analyzer",
        "ref": "nightly",
        "repo": "rust-analyzer",
        "type": "github"
      }
    }
  },
  "root": "root",
  "version": 7
}
